// !$*UTF8*$!
{
	archiveVersion = 1;
	classes = {
	};
	objectVersion = 51;
	objects = {

/* Begin PBXBuildFile section */
		23B5E2A325F360FD00DF21CD /* DietPref.swift in Sources */ = {isa = PBXBuildFile; fileRef = 23B5E2A225F360FD00DF21CD /* DietPref.swift */; };
		23B5E2B025F370C700DF21CD /* FoodPrefCell.swift in Sources */ = {isa = PBXBuildFile; fileRef = 23B5E2AF25F370C700DF21CD /* FoodPrefCell.swift */; };
		23B5E2C825F37B4B00DF21CD /* UserSelection.swift in Sources */ = {isa = PBXBuildFile; fileRef = 23B5E2C725F37B4B00DF21CD /* UserSelection.swift */; };
		23B5E2E925F3846300DF21CD /* HealthIssueVC.swift in Sources */ = {isa = PBXBuildFile; fileRef = 23B5E2E825F3846300DF21CD /* HealthIssueVC.swift */; };
		23B5E31F25F49FFD00DF21CD /* MealFit_NonVeg.json in Resources */ = {isa = PBXBuildFile; fileRef = 23B5E31E25F49FFD00DF21CD /* MealFit_NonVeg.json */; };
		23B5E32225F4A5D300DF21CD /* Vegeterian.json in Resources */ = {isa = PBXBuildFile; fileRef = 23B5E32125F4A5D300DF21CD /* Vegeterian.json */; };
		AEE9465025F350B6009E22C1 /* SplashVC.swift in Sources */ = {isa = PBXBuildFile; fileRef = AEE9464F25F350B6009E22C1 /* SplashVC.swift */; };
		AEEE68CF25F3492C00183EC7 /* Assets.xcassets in Resources */ = {isa = PBXBuildFile; fileRef = AEEE68CE25F3492C00183EC7 /* Assets.xcassets */; };
		AEEE68FD25F349AE00183EC7 /* LaunchScreen.storyboard in Resources */ = {isa = PBXBuildFile; fileRef = AEEE68FA25F349AD00183EC7 /* LaunchScreen.storyboard */; };
		AEEE68FE25F349AE00183EC7 /* Recipies.storyboard in Resources */ = {isa = PBXBuildFile; fileRef = AEEE68FB25F349AE00183EC7 /* Recipies.storyboard */; };
		AEEE68FF25F349AE00183EC7 /* Main.storyboard in Resources */ = {isa = PBXBuildFile; fileRef = AEEE68FC25F349AE00183EC7 /* Main.storyboard */; };
		AEEE690425F349D600183EC7 /* AppDelegate.swift in Sources */ = {isa = PBXBuildFile; fileRef = AEEE690225F349D600183EC7 /* AppDelegate.swift */; };
		AEEE690525F349D600183EC7 /* SceneDelegate.swift in Sources */ = {isa = PBXBuildFile; fileRef = AEEE690325F349D600183EC7 /* SceneDelegate.swift */; };
		AEEE690825F349E100183EC7 /* Utility.swift in Sources */ = {isa = PBXBuildFile; fileRef = AEEE690725F349E100183EC7 /* Utility.swift */; };
		AEEE690C25F349E800183EC7 /* DaxkoFitMealCategoryModel.swift in Sources */ = {isa = PBXBuildFile; fileRef = AEEE690A25F349E800183EC7 /* DaxkoFitMealCategoryModel.swift */; };
		AEEE690D25F349E800183EC7 /* DaxkoFitFood.swift in Sources */ = {isa = PBXBuildFile; fileRef = AEEE690B25F349E800183EC7 /* DaxkoFitFood.swift */; };
		AEEE691025F349EC00183EC7 /* CustomReciepeViewModel.swift in Sources */ = {isa = PBXBuildFile; fileRef = AEEE690F25F349EC00183EC7 /* CustomReciepeViewModel.swift */; };
		AEEE691325F349F800183EC7 /* MealFit.json in Resources */ = {isa = PBXBuildFile; fileRef = AEEE691225F349F800183EC7 /* MealFit.json */; };
		AEEE691625F349FC00183EC7 /* UiViewController+Extensions.swift in Sources */ = {isa = PBXBuildFile; fileRef = AEEE691525F349FC00183EC7 /* UiViewController+Extensions.swift */; };
		AEEE691E25F34A3400183EC7 /* RecipiesVC.swift in Sources */ = {isa = PBXBuildFile; fileRef = AEEE691D25F34A3400183EC7 /* RecipiesVC.swift */; };
		AEEE692125F34A3800183EC7 /* Recipies+Extensions.swift in Sources */ = {isa = PBXBuildFile; fileRef = AEEE692025F34A3800183EC7 /* Recipies+Extensions.swift */; };
		AEEE692425F34A3D00183EC7 /* RecipiesTableViewCell.swift in Sources */ = {isa = PBXBuildFile; fileRef = AEEE692325F34A3D00183EC7 /* RecipiesTableViewCell.swift */; };
		AEEE692725F34A4100183EC7 /* MoreRecipiesCollectionViewCell.swift in Sources */ = {isa = PBXBuildFile; fileRef = AEEE692625F34A4100183EC7 /* MoreRecipiesCollectionViewCell.swift */; };
		AEEE692A25F34A4600183EC7 /* RecipieInfoTableViewCell.swift in Sources */ = {isa = PBXBuildFile; fileRef = AEEE692925F34A4600183EC7 /* RecipieInfoTableViewCell.swift */; };
		AEEE692D25F34A4A00183EC7 /* RecipielnfoVC.swift in Sources */ = {isa = PBXBuildFile; fileRef = AEEE692C25F34A4A00183EC7 /* RecipielnfoVC.swift */; };
		AEEE693225F34A6900183EC7 /* AddDetailsTableViewCell.swift in Sources */ = {isa = PBXBuildFile; fileRef = AEEE693025F34A6900183EC7 /* AddDetailsTableViewCell.swift */; };
		AEEE693325F34A6900183EC7 /* AddDetailsViewController.swift in Sources */ = {isa = PBXBuildFile; fileRef = AEEE693125F34A6900183EC7 /* AddDetailsViewController.swift */; };
		AEEE693625F34A7100183EC7 /* Podfile in Resources */ = {isa = PBXBuildFile; fileRef = AEEE693525F34A7100183EC7 /* Podfile */; };
		D95B5B55CE3B0174AEF9B81E /* Pods_FitSection.framework in Frameworks */ = {isa = PBXBuildFile; fileRef = 1110EC2F55619757F077C39E /* Pods_FitSection.framework */; };
/* End PBXBuildFile section */

/* Begin PBXFileReference section */
		1110EC2F55619757F077C39E /* Pods_FitSection.framework */ = {isa = PBXFileReference; explicitFileType = wrapper.framework; includeInIndex = 0; path = Pods_FitSection.framework; sourceTree = BUILT_PRODUCTS_DIR; };
		1E9EA1C9143E9D6240662F7A /* Pods-FitSection.release.xcconfig */ = {isa = PBXFileReference; includeInIndex = 1; lastKnownFileType = text.xcconfig; name = "Pods-FitSection.release.xcconfig"; path = "Target Support Files/Pods-FitSection/Pods-FitSection.release.xcconfig"; sourceTree = "<group>"; };
		23B5E2A225F360FD00DF21CD /* DietPref.swift */ = {isa = PBXFileReference; lastKnownFileType = sourcecode.swift; path = DietPref.swift; sourceTree = "<group>"; };
		23B5E2AF25F370C700DF21CD /* FoodPrefCell.swift */ = {isa = PBXFileReference; lastKnownFileType = sourcecode.swift; path = FoodPrefCell.swift; sourceTree = "<group>"; };
		23B5E2C725F37B4B00DF21CD /* UserSelection.swift */ = {isa = PBXFileReference; lastKnownFileType = sourcecode.swift; path = UserSelection.swift; sourceTree = "<group>"; };
		23B5E2E825F3846300DF21CD /* HealthIssueVC.swift */ = {isa = PBXFileReference; lastKnownFileType = sourcecode.swift; path = HealthIssueVC.swift; sourceTree = "<group>"; };
		23B5E31E25F49FFD00DF21CD /* MealFit_NonVeg.json */ = {isa = PBXFileReference; fileEncoding = 4; lastKnownFileType = text.json; path = MealFit_NonVeg.json; sourceTree = "<group>"; };
		23B5E32125F4A5D300DF21CD /* Vegeterian.json */ = {isa = PBXFileReference; fileEncoding = 4; lastKnownFileType = text.json; path = Vegeterian.json; sourceTree = "<group>"; };
		3E28F48567CC77D182782A30 /* Pods-FitSection.debug.xcconfig */ = {isa = PBXFileReference; includeInIndex = 1; lastKnownFileType = text.xcconfig; name = "Pods-FitSection.debug.xcconfig"; path = "Target Support Files/Pods-FitSection/Pods-FitSection.debug.xcconfig"; sourceTree = "<group>"; };
		AEE9464F25F350B6009E22C1 /* SplashVC.swift */ = {isa = PBXFileReference; fileEncoding = 4; lastKnownFileType = sourcecode.swift; path = SplashVC.swift; sourceTree = "<group>"; };
		AEEE68C225F3492B00183EC7 /* FitSection.app */ = {isa = PBXFileReference; explicitFileType = wrapper.application; includeInIndex = 0; path = FitSection.app; sourceTree = BUILT_PRODUCTS_DIR; };
		AEEE68CE25F3492C00183EC7 /* Assets.xcassets */ = {isa = PBXFileReference; lastKnownFileType = folder.assetcatalog; path = Assets.xcassets; sourceTree = "<group>"; };
		AEEE68D325F3492C00183EC7 /* Info.plist */ = {isa = PBXFileReference; lastKnownFileType = text.plist.xml; path = Info.plist; sourceTree = "<group>"; };
		AEEE68FA25F349AD00183EC7 /* LaunchScreen.storyboard */ = {isa = PBXFileReference; fileEncoding = 4; lastKnownFileType = file.storyboard; path = LaunchScreen.storyboard; sourceTree = "<group>"; };
		AEEE68FB25F349AE00183EC7 /* Recipies.storyboard */ = {isa = PBXFileReference; fileEncoding = 4; lastKnownFileType = file.storyboard; path = Recipies.storyboard; sourceTree = "<group>"; };
		AEEE68FC25F349AE00183EC7 /* Main.storyboard */ = {isa = PBXFileReference; fileEncoding = 4; lastKnownFileType = file.storyboard; path = Main.storyboard; sourceTree = "<group>"; };
		AEEE690125F349D500183EC7 /* FitSection-Bridging-Header.h */ = {isa = PBXFileReference; lastKnownFileType = sourcecode.c.h; path = "FitSection-Bridging-Header.h"; sourceTree = "<group>"; };
		AEEE690225F349D600183EC7 /* AppDelegate.swift */ = {isa = PBXFileReference; fileEncoding = 4; lastKnownFileType = sourcecode.swift; path = AppDelegate.swift; sourceTree = "<group>"; };
		AEEE690325F349D600183EC7 /* SceneDelegate.swift */ = {isa = PBXFileReference; fileEncoding = 4; lastKnownFileType = sourcecode.swift; path = SceneDelegate.swift; sourceTree = "<group>"; };
		AEEE690725F349E100183EC7 /* Utility.swift */ = {isa = PBXFileReference; fileEncoding = 4; lastKnownFileType = sourcecode.swift; path = Utility.swift; sourceTree = "<group>"; };
		AEEE690A25F349E800183EC7 /* DaxkoFitMealCategoryModel.swift */ = {isa = PBXFileReference; fileEncoding = 4; lastKnownFileType = sourcecode.swift; path = DaxkoFitMealCategoryModel.swift; sourceTree = "<group>"; };
		AEEE690B25F349E800183EC7 /* DaxkoFitFood.swift */ = {isa = PBXFileReference; fileEncoding = 4; lastKnownFileType = sourcecode.swift; path = DaxkoFitFood.swift; sourceTree = "<group>"; };
		AEEE690F25F349EC00183EC7 /* CustomReciepeViewModel.swift */ = {isa = PBXFileReference; fileEncoding = 4; lastKnownFileType = sourcecode.swift; path = CustomReciepeViewModel.swift; sourceTree = "<group>"; };
		AEEE691225F349F800183EC7 /* MealFit.json */ = {isa = PBXFileReference; fileEncoding = 4; lastKnownFileType = text.json; path = MealFit.json; sourceTree = "<group>"; };
		AEEE691525F349FC00183EC7 /* UiViewController+Extensions.swift */ = {isa = PBXFileReference; fileEncoding = 4; lastKnownFileType = sourcecode.swift; path = "UiViewController+Extensions.swift"; sourceTree = "<group>"; };
		AEEE691D25F34A3400183EC7 /* RecipiesVC.swift */ = {isa = PBXFileReference; fileEncoding = 4; lastKnownFileType = sourcecode.swift; path = RecipiesVC.swift; sourceTree = "<group>"; };
		AEEE692025F34A3800183EC7 /* Recipies+Extensions.swift */ = {isa = PBXFileReference; fileEncoding = 4; lastKnownFileType = sourcecode.swift; path = "Recipies+Extensions.swift"; sourceTree = "<group>"; };
		AEEE692325F34A3D00183EC7 /* RecipiesTableViewCell.swift */ = {isa = PBXFileReference; fileEncoding = 4; lastKnownFileType = sourcecode.swift; path = RecipiesTableViewCell.swift; sourceTree = "<group>"; };
		AEEE692625F34A4100183EC7 /* MoreRecipiesCollectionViewCell.swift */ = {isa = PBXFileReference; fileEncoding = 4; lastKnownFileType = sourcecode.swift; path = MoreRecipiesCollectionViewCell.swift; sourceTree = "<group>"; };
		AEEE692925F34A4600183EC7 /* RecipieInfoTableViewCell.swift */ = {isa = PBXFileReference; fileEncoding = 4; lastKnownFileType = sourcecode.swift; path = RecipieInfoTableViewCell.swift; sourceTree = "<group>"; };
		AEEE692C25F34A4A00183EC7 /* RecipielnfoVC.swift */ = {isa = PBXFileReference; fileEncoding = 4; lastKnownFileType = sourcecode.swift; path = RecipielnfoVC.swift; sourceTree = "<group>"; };
		AEEE693025F34A6900183EC7 /* AddDetailsTableViewCell.swift */ = {isa = PBXFileReference; fileEncoding = 4; lastKnownFileType = sourcecode.swift; path = AddDetailsTableViewCell.swift; sourceTree = "<group>"; };
		AEEE693125F34A6900183EC7 /* AddDetailsViewController.swift */ = {isa = PBXFileReference; fileEncoding = 4; lastKnownFileType = sourcecode.swift; path = AddDetailsViewController.swift; sourceTree = "<group>"; };
		AEEE693525F34A7100183EC7 /* Podfile */ = {isa = PBXFileReference; fileEncoding = 4; lastKnownFileType = text; path = Podfile; sourceTree = "<group>"; };
/* End PBXFileReference section */

/* Begin PBXFrameworksBuildPhase section */
		AEEE68BF25F3492B00183EC7 /* Frameworks */ = {
			isa = PBXFrameworksBuildPhase;
			buildActionMask = 2147483647;
			files = (
				D95B5B55CE3B0174AEF9B81E /* Pods_FitSection.framework in Frameworks */,
			);
			runOnlyForDeploymentPostprocessing = 0;
		};
/* End PBXFrameworksBuildPhase section */

/* Begin PBXGroup section */
		0DC9EFE3A4228F9B02D484FF /* Pods */ = {
			isa = PBXGroup;
			children = (
				3E28F48567CC77D182782A30 /* Pods-FitSection.debug.xcconfig */,
				1E9EA1C9143E9D6240662F7A /* Pods-FitSection.release.xcconfig */,
			);
			path = Pods;
			sourceTree = "<group>";
		};
		23B5E2A125F360CF00DF21CD /* Survey */ = {
			isa = PBXGroup;
			children = (
				23B5E2A225F360FD00DF21CD /* DietPref.swift */,
				23B5E2AF25F370C700DF21CD /* FoodPrefCell.swift */,
				23B5E2E825F3846300DF21CD /* HealthIssueVC.swift */,
			);
			path = Survey;
			sourceTree = "<group>";
		};
		7959FA8BCB26D908724340E3 /* Frameworks */ = {
			isa = PBXGroup;
			children = (
				1110EC2F55619757F077C39E /* Pods_FitSection.framework */,
			);
			name = Frameworks;
			sourceTree = "<group>";
		};
		AEEE68B925F3492B00183EC7 = {
			isa = PBXGroup;
			children = (
				AEEE693525F34A7100183EC7 /* Podfile */,
				AEEE68C425F3492B00183EC7 /* FitSection */,
				AEEE68C325F3492B00183EC7 /* Products */,
				0DC9EFE3A4228F9B02D484FF /* Pods */,
				7959FA8BCB26D908724340E3 /* Frameworks */,
			);
			sourceTree = "<group>";
		};
		AEEE68C325F3492B00183EC7 /* Products */ = {
			isa = PBXGroup;
			children = (
				AEEE68C225F3492B00183EC7 /* FitSection.app */,
			);
			name = Products;
			sourceTree = "<group>";
		};
		AEEE68C425F3492B00183EC7 /* FitSection */ = {
			isa = PBXGroup;
			children = (
				AEE9464F25F350B6009E22C1 /* SplashVC.swift */,
				AEEE68F925F3499A00183EC7 /* Storyboard */,
				AEEE68F825F3499400183EC7 /* Controller */,
				AEEE68F725F3498F00183EC7 /* Extension */,
				AEEE68F625F3498B00183EC7 /* JSON */,
				AEEE68F525F3498500183EC7 /* View Model */,
				AEEE68F425F3498000183EC7 /* Model */,
				AEEE68F225F3497A00183EC7 /* Utility */,
				AEEE68F125F3497200183EC7 /* App Files */,
				AEEE68CE25F3492C00183EC7 /* Assets.xcassets */,
				AEEE68D325F3492C00183EC7 /* Info.plist */,
			);
			path = FitSection;
			sourceTree = "<group>";
		};
		AEEE68F125F3497200183EC7 /* App Files */ = {
			isa = PBXGroup;
			children = (
				AEEE690225F349D600183EC7 /* AppDelegate.swift */,
				AEEE690325F349D600183EC7 /* SceneDelegate.swift */,
				AEEE690125F349D500183EC7 /* FitSection-Bridging-Header.h */,
				23B5E2C725F37B4B00DF21CD /* UserSelection.swift */,
			);
			path = "App Files";
			sourceTree = "<group>";
		};
		AEEE68F225F3497A00183EC7 /* Utility */ = {
			isa = PBXGroup;
			children = (
				AEEE690725F349E100183EC7 /* Utility.swift */,
			);
			path = Utility;
			sourceTree = "<group>";
		};
		AEEE68F425F3498000183EC7 /* Model */ = {
			isa = PBXGroup;
			children = (
				AEEE690B25F349E800183EC7 /* DaxkoFitFood.swift */,
				AEEE690A25F349E800183EC7 /* DaxkoFitMealCategoryModel.swift */,
			);
			path = Model;
			sourceTree = "<group>";
		};
		AEEE68F525F3498500183EC7 /* View Model */ = {
			isa = PBXGroup;
			children = (
				AEEE690F25F349EC00183EC7 /* CustomReciepeViewModel.swift */,
			);
			path = "View Model";
			sourceTree = "<group>";
		};
		AEEE68F625F3498B00183EC7 /* JSON */ = {
			isa = PBXGroup;
			children = (
				23B5E32125F4A5D300DF21CD /* Vegeterian.json */,
				23B5E31E25F49FFD00DF21CD /* MealFit_NonVeg.json */,
				AEEE691225F349F800183EC7 /* MealFit.json */,
			);
			path = JSON;
			sourceTree = "<group>";
		};
		AEEE68F725F3498F00183EC7 /* Extension */ = {
			isa = PBXGroup;
			children = (
				AEEE691525F349FC00183EC7 /* UiViewController+Extensions.swift */,
			);
			path = Extension;
			sourceTree = "<group>";
		};
		AEEE68F825F3499400183EC7 /* Controller */ = {
			isa = PBXGroup;
			children = (
				23B5E2A125F360CF00DF21CD /* Survey */,
				AEEE692F25F34A5100183EC7 /* Measurements */,
				AEEE691825F34A0700183EC7 /* Food */,
			);
			path = Controller;
			sourceTree = "<group>";
		};
		AEEE68F925F3499A00183EC7 /* Storyboard */ = {
			isa = PBXGroup;
			children = (
				AEEE68FA25F349AD00183EC7 /* LaunchScreen.storyboard */,
				AEEE68FC25F349AE00183EC7 /* Main.storyboard */,
				AEEE68FB25F349AE00183EC7 /* Recipies.storyboard */,
			);
			path = Storyboard;
			sourceTree = "<group>";
		};
		AEEE691825F34A0700183EC7 /* Food */ = {
			isa = PBXGroup;
			children = (
				AEEE691C25F34A2900183EC7 /* Nutritional Info */,
				AEEE691B25F34A2400183EC7 /* List */,
				AEEE691A25F34A1F00183EC7 /* Home */,
			);
			path = Food;
			sourceTree = "<group>";
		};
		AEEE691A25F34A1F00183EC7 /* Home */ = {
			isa = PBXGroup;
			children = (
				AEEE691D25F34A3400183EC7 /* RecipiesVC.swift */,
				AEEE692025F34A3800183EC7 /* Recipies+Extensions.swift */,
			);
			path = Home;
			sourceTree = "<group>";
		};
		AEEE691B25F34A2400183EC7 /* List */ = {
			isa = PBXGroup;
			children = (
				AEEE692325F34A3D00183EC7 /* RecipiesTableViewCell.swift */,
				AEEE692625F34A4100183EC7 /* MoreRecipiesCollectionViewCell.swift */,
			);
			path = List;
			sourceTree = "<group>";
		};
		AEEE691C25F34A2900183EC7 /* Nutritional Info */ = {
			isa = PBXGroup;
			children = (
				AEEE692C25F34A4A00183EC7 /* RecipielnfoVC.swift */,
				AEEE692925F34A4600183EC7 /* RecipieInfoTableViewCell.swift */,
			);
			path = "Nutritional Info";
			sourceTree = "<group>";
		};
		AEEE692F25F34A5100183EC7 /* Measurements */ = {
			isa = PBXGroup;
			children = (
				AEEE693025F34A6900183EC7 /* AddDetailsTableViewCell.swift */,
				AEEE693125F34A6900183EC7 /* AddDetailsViewController.swift */,
			);
			path = Measurements;
			sourceTree = "<group>";
		};
/* End PBXGroup section */

/* Begin PBXNativeTarget section */
		AEEE68C125F3492B00183EC7 /* FitSection */ = {
			isa = PBXNativeTarget;
			buildConfigurationList = AEEE68D625F3492C00183EC7 /* Build configuration list for PBXNativeTarget "FitSection" */;
			buildPhases = (
				99CA15CFE902C7802E681480 /* [CP] Check Pods Manifest.lock */,
				AEEE68BE25F3492B00183EC7 /* Sources */,
				AEEE68BF25F3492B00183EC7 /* Frameworks */,
				AEEE68C025F3492B00183EC7 /* Resources */,
				D236DE26B720D732F159373A /* [CP] Embed Pods Frameworks */,
			);
			buildRules = (
			);
			dependencies = (
			);
			name = FitSection;
			productName = FitSection;
			productReference = AEEE68C225F3492B00183EC7 /* FitSection.app */;
			productType = "com.apple.product-type.application";
		};
/* End PBXNativeTarget section */

/* Begin PBXProject section */
		AEEE68BA25F3492B00183EC7 /* Project object */ = {
			isa = PBXProject;
			attributes = {
				LastSwiftUpdateCheck = 1220;
				LastUpgradeCheck = 1220;
				TargetAttributes = {
					AEEE68C125F3492B00183EC7 = {
						CreatedOnToolsVersion = 12.2;
						LastSwiftMigration = 1220;
					};
				};
			};
			buildConfigurationList = AEEE68BD25F3492B00183EC7 /* Build configuration list for PBXProject "FitSection" */;
			compatibilityVersion = "Xcode 9.3";
			developmentRegion = en;
			hasScannedForEncodings = 0;
			knownRegions = (
				en,
				Base,
			);
			mainGroup = AEEE68B925F3492B00183EC7;
			productRefGroup = AEEE68C325F3492B00183EC7 /* Products */;
			projectDirPath = "";
			projectRoot = "";
			targets = (
				AEEE68C125F3492B00183EC7 /* FitSection */,
			);
		};
/* End PBXProject section */

/* Begin PBXResourcesBuildPhase section */
		AEEE68C025F3492B00183EC7 /* Resources */ = {
			isa = PBXResourcesBuildPhase;
			buildActionMask = 2147483647;
			files = (
				AEEE693625F34A7100183EC7 /* Podfile in Resources */,
				23B5E32225F4A5D300DF21CD /* Vegeterian.json in Resources */,
				AEEE68CF25F3492C00183EC7 /* Assets.xcassets in Resources */,
				AEEE68FE25F349AE00183EC7 /* Recipies.storyboard in Resources */,
				23B5E31F25F49FFD00DF21CD /* MealFit_NonVeg.json in Resources */,
				AEEE68FD25F349AE00183EC7 /* LaunchScreen.storyboard in Resources */,
				AEEE68FF25F349AE00183EC7 /* Main.storyboard in Resources */,
				AEEE691325F349F800183EC7 /* MealFit.json in Resources */,
			);
			runOnlyForDeploymentPostprocessing = 0;
		};
/* End PBXResourcesBuildPhase section */

/* Begin PBXShellScriptBuildPhase section */
		99CA15CFE902C7802E681480 /* [CP] Check Pods Manifest.lock */ = {
			isa = PBXShellScriptBuildPhase;
			buildActionMask = 2147483647;
			files = (
			);
			inputFileListPaths = (
			);
			inputPaths = (
				"${PODS_PODFILE_DIR_PATH}/Podfile.lock",
				"${PODS_ROOT}/Manifest.lock",
			);
			name = "[CP] Check Pods Manifest.lock";
			outputFileListPaths = (
			);
			outputPaths = (
				"$(DERIVED_FILE_DIR)/Pods-FitSection-checkManifestLockResult.txt",
			);
			runOnlyForDeploymentPostprocessing = 0;
			shellPath = /bin/sh;
			shellScript = "diff \"${PODS_PODFILE_DIR_PATH}/Podfile.lock\" \"${PODS_ROOT}/Manifest.lock\" > /dev/null\nif [ $? != 0 ] ; then\n    # print error to STDERR\n    echo \"error: The sandbox is not in sync with the Podfile.lock. Run 'pod install' or update your CocoaPods installation.\" >&2\n    exit 1\nfi\n# This output is used by Xcode 'outputs' to avoid re-running this script phase.\necho \"SUCCESS\" > \"${SCRIPT_OUTPUT_FILE_0}\"\n";
			showEnvVarsInLog = 0;
		};
		D236DE26B720D732F159373A /* [CP] Embed Pods Frameworks */ = {
			isa = PBXShellScriptBuildPhase;
			buildActionMask = 2147483647;
			files = (
			);
			inputFileListPaths = (
				"${PODS_ROOT}/Target Support Files/Pods-FitSection/Pods-FitSection-frameworks-${CONFIGURATION}-input-files.xcfilelist",
			);
			name = "[CP] Embed Pods Frameworks";
			outputFileListPaths = (
				"${PODS_ROOT}/Target Support Files/Pods-FitSection/Pods-FitSection-frameworks-${CONFIGURATION}-output-files.xcfilelist",
			);
			runOnlyForDeploymentPostprocessing = 0;
			shellPath = /bin/sh;
			shellScript = "\"${PODS_ROOT}/Target Support Files/Pods-FitSection/Pods-FitSection-frameworks.sh\"\n";
			showEnvVarsInLog = 0;
		};
/* End PBXShellScriptBuildPhase section */

/* Begin PBXSourcesBuildPhase section */
		AEEE68BE25F3492B00183EC7 /* Sources */ = {
			isa = PBXSourcesBuildPhase;
			buildActionMask = 2147483647;
			files = (
				AEEE693325F34A6900183EC7 /* AddDetailsViewController.swift in Sources */,
				23B5E2A325F360FD00DF21CD /* DietPref.swift in Sources */,
				AEEE693225F34A6900183EC7 /* AddDetailsTableViewCell.swift in Sources */,
				AEEE691E25F34A3400183EC7 /* RecipiesVC.swift in Sources */,
				AEEE690425F349D600183EC7 /* AppDelegate.swift in Sources */,
				AEEE691625F349FC00183EC7 /* UiViewController+Extensions.swift in Sources */,
				AEEE690525F349D600183EC7 /* SceneDelegate.swift in Sources */,
				AEEE692125F34A3800183EC7 /* Recipies+Extensions.swift in Sources */,
				23B5E2B025F370C700DF21CD /* FoodPrefCell.swift in Sources */,
				AEEE692A25F34A4600183EC7 /* RecipieInfoTableViewCell.swift in Sources */,
				AEEE692425F34A3D00183EC7 /* RecipiesTableViewCell.swift in Sources */,
				AEEE690C25F349E800183EC7 /* DaxkoFitMealCategoryModel.swift in Sources */,
				AEEE691025F349EC00183EC7 /* CustomReciepeViewModel.swift in Sources */,
				AEEE690D25F349E800183EC7 /* DaxkoFitFood.swift in Sources */,
				23B5E2E925F3846300DF21CD /* HealthIssueVC.swift in Sources */,
				23B5E2C825F37B4B00DF21CD /* UserSelection.swift in Sources */,
				AEEE690825F349E100183EC7 /* Utility.swift in Sources */,
				AEE9465025F350B6009E22C1 /* SplashVC.swift in Sources */,
				AEEE692D25F34A4A00183EC7 /* RecipielnfoVC.swift in Sources */,
				AEEE692725F34A4100183EC7 /* MoreRecipiesCollectionViewCell.swift in Sources */,
			);
			runOnlyForDeploymentPostprocessing = 0;
		};
/* End PBXSourcesBuildPhase section */

/* Begin XCBuildConfiguration section */
		AEEE68D425F3492C00183EC7 /* Debug */ = {
			isa = XCBuildConfiguration;
			buildSettings = {
				ALWAYS_SEARCH_USER_PATHS = NO;
				CLANG_ANALYZER_NONNULL = YES;
				CLANG_ANALYZER_NUMBER_OBJECT_CONVERSION = YES_AGGRESSIVE;
				CLANG_CXX_LANGUAGE_STANDARD = "gnu++14";
				CLANG_CXX_LIBRARY = "libc++";
				CLANG_ENABLE_MODULES = YES;
				CLANG_ENABLE_OBJC_ARC = YES;
				CLANG_ENABLE_OBJC_WEAK = YES;
				CLANG_WARN_BLOCK_CAPTURE_AUTORELEASING = YES;
				CLANG_WARN_BOOL_CONVERSION = YES;
				CLANG_WARN_COMMA = YES;
				CLANG_WARN_CONSTANT_CONVERSION = YES;
				CLANG_WARN_DEPRECATED_OBJC_IMPLEMENTATIONS = YES;
				CLANG_WARN_DIRECT_OBJC_ISA_USAGE = YES_ERROR;
				CLANG_WARN_DOCUMENTATION_COMMENTS = YES;
				CLANG_WARN_EMPTY_BODY = YES;
				CLANG_WARN_ENUM_CONVERSION = YES;
				CLANG_WARN_INFINITE_RECURSION = YES;
				CLANG_WARN_INT_CONVERSION = YES;
				CLANG_WARN_NON_LITERAL_NULL_CONVERSION = YES;
				CLANG_WARN_OBJC_IMPLICIT_RETAIN_SELF = YES;
				CLANG_WARN_OBJC_LITERAL_CONVERSION = YES;
				CLANG_WARN_OBJC_ROOT_CLASS = YES_ERROR;
				CLANG_WARN_QUOTED_INCLUDE_IN_FRAMEWORK_HEADER = YES;
				CLANG_WARN_RANGE_LOOP_ANALYSIS = YES;
				CLANG_WARN_STRICT_PROTOTYPES = YES;
				CLANG_WARN_SUSPICIOUS_MOVE = YES;
				CLANG_WARN_UNGUARDED_AVAILABILITY = YES_AGGRESSIVE;
				CLANG_WARN_UNREACHABLE_CODE = YES;
				CLANG_WARN__DUPLICATE_METHOD_MATCH = YES;
				COPY_PHASE_STRIP = NO;
				DEBUG_INFORMATION_FORMAT = dwarf;
				ENABLE_STRICT_OBJC_MSGSEND = YES;
				ENABLE_TESTABILITY = YES;
				GCC_C_LANGUAGE_STANDARD = gnu11;
				GCC_DYNAMIC_NO_PIC = NO;
				GCC_NO_COMMON_BLOCKS = YES;
				GCC_OPTIMIZATION_LEVEL = 0;
				GCC_PREPROCESSOR_DEFINITIONS = (
					"DEBUG=1",
					"$(inherited)",
				);
				GCC_WARN_64_TO_32_BIT_CONVERSION = YES;
				GCC_WARN_ABOUT_RETURN_TYPE = YES_ERROR;
				GCC_WARN_UNDECLARED_SELECTOR = YES;
				GCC_WARN_UNINITIALIZED_AUTOS = YES_AGGRESSIVE;
				GCC_WARN_UNUSED_FUNCTION = YES;
				GCC_WARN_UNUSED_VARIABLE = YES;
				IPHONEOS_DEPLOYMENT_TARGET = 14.2;
				MTL_ENABLE_DEBUG_INFO = INCLUDE_SOURCE;
				MTL_FAST_MATH = YES;
				ONLY_ACTIVE_ARCH = YES;
				SDKROOT = iphoneos;
				SWIFT_ACTIVE_COMPILATION_CONDITIONS = DEBUG;
				SWIFT_OPTIMIZATION_LEVEL = "-Onone";
			};
			name = Debug;
		};
		AEEE68D525F3492C00183EC7 /* Release */ = {
			isa = XCBuildConfiguration;
			buildSettings = {
				ALWAYS_SEARCH_USER_PATHS = NO;
				CLANG_ANALYZER_NONNULL = YES;
				CLANG_ANALYZER_NUMBER_OBJECT_CONVERSION = YES_AGGRESSIVE;
				CLANG_CXX_LANGUAGE_STANDARD = "gnu++14";
				CLANG_CXX_LIBRARY = "libc++";
				CLANG_ENABLE_MODULES = YES;
				CLANG_ENABLE_OBJC_ARC = YES;
				CLANG_ENABLE_OBJC_WEAK = YES;
				CLANG_WARN_BLOCK_CAPTURE_AUTORELEASING = YES;
				CLANG_WARN_BOOL_CONVERSION = YES;
				CLANG_WARN_COMMA = YES;
				CLANG_WARN_CONSTANT_CONVERSION = YES;
				CLANG_WARN_DEPRECATED_OBJC_IMPLEMENTATIONS = YES;
				CLANG_WARN_DIRECT_OBJC_ISA_USAGE = YES_ERROR;
				CLANG_WARN_DOCUMENTATION_COMMENTS = YES;
				CLANG_WARN_EMPTY_BODY = YES;
				CLANG_WARN_ENUM_CONVERSION = YES;
				CLANG_WARN_INFINITE_RECURSION = YES;
				CLANG_WARN_INT_CONVERSION = YES;
				CLANG_WARN_NON_LITERAL_NULL_CONVERSION = YES;
				CLANG_WARN_OBJC_IMPLICIT_RETAIN_SELF = YES;
				CLANG_WARN_OBJC_LITERAL_CONVERSION = YES;
				CLANG_WARN_OBJC_ROOT_CLASS = YES_ERROR;
				CLANG_WARN_QUOTED_INCLUDE_IN_FRAMEWORK_HEADER = YES;
				CLANG_WARN_RANGE_LOOP_ANALYSIS = YES;
				CLANG_WARN_STRICT_PROTOTYPES = YES;
				CLANG_WARN_SUSPICIOUS_MOVE = YES;
				CLANG_WARN_UNGUARDED_AVAILABILITY = YES_AGGRESSIVE;
				CLANG_WARN_UNREACHABLE_CODE = YES;
				CLANG_WARN__DUPLICATE_METHOD_MATCH = YES;
				COPY_PHASE_STRIP = NO;
				DEBUG_INFORMATION_FORMAT = "dwarf-with-dsym";
				ENABLE_NS_ASSERTIONS = NO;
				ENABLE_STRICT_OBJC_MSGSEND = YES;
				GCC_C_LANGUAGE_STANDARD = gnu11;
				GCC_NO_COMMON_BLOCKS = YES;
				GCC_WARN_64_TO_32_BIT_CONVERSION = YES;
				GCC_WARN_ABOUT_RETURN_TYPE = YES_ERROR;
				GCC_WARN_UNDECLARED_SELECTOR = YES;
				GCC_WARN_UNINITIALIZED_AUTOS = YES_AGGRESSIVE;
				GCC_WARN_UNUSED_FUNCTION = YES;
				GCC_WARN_UNUSED_VARIABLE = YES;
				IPHONEOS_DEPLOYMENT_TARGET = 14.2;
				MTL_ENABLE_DEBUG_INFO = NO;
				MTL_FAST_MATH = YES;
				SDKROOT = iphoneos;
				SWIFT_COMPILATION_MODE = wholemodule;
				SWIFT_OPTIMIZATION_LEVEL = "-O";
				VALIDATE_PRODUCT = YES;
			};
			name = Release;
		};
		AEEE68D725F3492C00183EC7 /* Debug */ = {
			isa = XCBuildConfiguration;
			baseConfigurationReference = 3E28F48567CC77D182782A30 /* Pods-FitSection.debug.xcconfig */;
			buildSettings = {
				ASSETCATALOG_COMPILER_APPICON_NAME = AppIcon;
				ASSETCATALOG_COMPILER_GLOBAL_ACCENT_COLOR_NAME = AccentColor;
				CLANG_ENABLE_MODULES = YES;
				CODE_SIGN_STYLE = Automatic;
				INFOPLIST_FILE = FitSection/Info.plist;
				IPHONEOS_DEPLOYMENT_TARGET = 13.0;
				LD_RUNPATH_SEARCH_PATHS = (
					"$(inherited)",
					"@executable_path/Frameworks",
				);
				PRODUCT_BUNDLE_IDENTIFIER = com.appattack.FitSection.FitSection;
				PRODUCT_NAME = "$(TARGET_NAME)";
				SWIFT_OBJC_BRIDGING_HEADER = "FitSection/App Files/FitSection-Bridging-Header.h";
				SWIFT_OPTIMIZATION_LEVEL = "-Onone";
				SWIFT_VERSION = 5.0;
				TARGETED_DEVICE_FAMILY = "1,2";
			};
			name = Debug;
		};
		AEEE68D825F3492C00183EC7 /* Release */ = {
			isa = XCBuildConfiguration;
			baseConfigurationReference = 1E9EA1C9143E9D6240662F7A /* Pods-FitSection.release.xcconfig */;
			buildSettings = {
				ASSETCATALOG_COMPILER_APPICON_NAME = AppIcon;
				ASSETCATALOG_COMPILER_GLOBAL_ACCENT_COLOR_NAME = AccentColor;
				CLANG_ENABLE_MODULES = YES;
				CODE_SIGN_STYLE = Automatic;
				INFOPLIST_FILE = FitSection/Info.plist;
				IPHONEOS_DEPLOYMENT_TARGET = 13.0;
				LD_RUNPATH_SEARCH_PATHS = (
					"$(inherited)",
					"@executable_path/Frameworks",
				);
				PRODUCT_BUNDLE_IDENTIFIER = com.appattack.FitSection.FitSection;
				PRODUCT_NAME = "$(TARGET_NAME)";
				SWIFT_OBJC_BRIDGING_HEADER = "FitSection/App Files/FitSection-Bridging-Header.h";
				SWIFT_VERSION = 5.0;
				TARGETED_DEVICE_FAMILY = "1,2";
			};
			name = Release;
		};
/* End XCBuildConfiguration section */

/* Begin XCConfigurationList section */
		AEEE68BD25F3492B00183EC7 /* Build configuration list for PBXProject "FitSection" */ = {
			isa = XCConfigurationList;
			buildConfigurations = (
				AEEE68D425F3492C00183EC7 /* Debug */,
				AEEE68D525F3492C00183EC7 /* Release */,
			);
			defaultConfigurationIsVisible = 0;
			defaultConfigurationName = Release;
		};
		AEEE68D625F3492C00183EC7 /* Build configuration list for PBXNativeTarget "FitSection" */ = {
			isa = XCConfigurationList;
			buildConfigurations = (
				AEEE68D725F3492C00183EC7 /* Debug */,
				AEEE68D825F3492C00183EC7 /* Release */,
			);
			defaultConfigurationIsVisible = 0;
			defaultConfigurationName = Release;
		};
/* End XCConfigurationList section */
	};
	rootObject = AEEE68BA25F3492B00183EC7 /* Project object */;
}
